
Microsoft Visual Studio Solution File, Format Version 12.00
# Visual Studio Version 17
VisualStudioVersion = 17.11.35208.52
MinimumVisualStudioVersion = 10.0.40219.1
Project("{FAE04EC0-301F-11D3-BF4B-00C04F79EFBC}") = "AFweb1", "AFweb1\AFweb1.csproj", "{4FDCAFF9-A793-41A7-9294-EBA8A2B76F8D}"
EndProject
Global
	GlobalSection(SolutionConfigurationPlatforms) = preSolution
		Debug|Any CPU = Debug|Any CPU
		Release|Any CPU = Release|Any CPU
	EndGlobalSection
	GlobalSection(ProjectConfigurationPlatforms) = postSolution
		{4FDCAFF9-A793-41A7-9294-EBA8A2B76F8D}.Debug|Any CPU.ActiveCfg = Debug|Any CPU
		{4FDCAFF9-A793-41A7-9294-EBA8A2B76F8D}.Debug|Any CPU.Build.0 = Debug|Any CPU
		{4FDCAFF9-A793-41A7-9294-EBA8A2B76F8D}.Release|Any CPU.ActiveCfg = Release|Any CPU
		{4FDCAFF9-A793-41A7-9294-EBA8A2B76F8D}.Release|Any CPU.Build.0 = Release|Any CPU
	EndGlobalSection
	GlobalSection(SolutionProperties) = preSolution
		HideSolutionNode = FALSE
	EndGlobalSection
	GlobalSection(ExtensibilityGlobals) = postSolution
		SolutionGuid = {23C4B797-B349-4028-9ABB-A54022B97B0A}
	EndGlobalSection
EndGlobal
